
Microsoft Visual Studio Solution File, Format Version 12.00
# Visual Studio Version 17
VisualStudioVersion = 17.4.33213.308
MinimumVisualStudioVersion = 10.0.40219.1
Project("{FAE04EC0-301F-11D3-BF4B-00C04F79EFBC}") = "pruebaOPENAI", "pruebaOPENAI\pruebaOPENAI.csproj", "{36D973AE-ECB1-4BAE-9BE9-E735656BD99E}"
EndProject
Global
	GlobalSection(SolutionConfigurationPlatforms) = preSolution
		Debug|Any CPU = Debug|Any CPU
		Release|Any CPU = Release|Any CPU
	EndGlobalSection
	GlobalSection(ProjectConfigurationPlatforms) = postSolution
		{36D973AE-ECB1-4BAE-9BE9-E735656BD99E}.Debug|Any CPU.ActiveCfg = Debug|Any CPU
		{36D973AE-ECB1-4BAE-9BE9-E735656BD99E}.Debug|Any CPU.Build.0 = Debug|Any CPU
		{36D973AE-ECB1-4BAE-9BE9-E735656BD99E}.Release|Any CPU.ActiveCfg = Release|Any CPU
		{36D973AE-ECB1-4BAE-9BE9-E735656BD99E}.Release|Any CPU.Build.0 = Release|Any CPU
	EndGlobalSection
	GlobalSection(SolutionProperties) = preSolution
		HideSolutionNode = FALSE
	EndGlobalSection
	GlobalSection(ExtensibilityGlobals) = postSolution
		SolutionGuid = {54EE9089-E968-4A53-BB79-5EDCCB953495}
	EndGlobalSection
EndGlobal
